set_location_assignment PIN_AC18 -to clk
set_location_assignment PIN_AH18 -to fdata[0]
set_location_assignment PIN_AH17 -to fdata[1]
set_location_assignment PIN_AG16 -to fdata[2]
set_location_assignment PIN_AE16 -to fdata[3]
set_location_assignment PIN_AF16 -to fdata[4]
set_location_assignment PIN_AG17 -to fdata[5]
set_location_assignment PIN_AA18 -to fdata[6]
set_location_assignment PIN_AA19 -to fdata[7]
set_location_assignment PIN_AE18 -to faddr[0]
set_location_assignment PIN_AE19 -to faddr[1]
set_location_assignment PIN_AD19 -to sloe
set_location_assignment PIN_AH19 -to slrd
set_location_assignment PIN_AJ20 -to slwr
set_location_assignment PIN_AF20 -to pkt_end
set_location_assignment PIN_AE17 -to flaga
set_location_assignment PIN_AF21 -to flagd
set_instance_assignment -name IO_STANDARD "3.3-V LVTTL" -to ADC_CONVST
set_instance_assignment -name IO_STANDARD "3.3-V LVTTL" -to ADC_DIN
set_instance_assignment -name IO_STANDARD "3.3-V LVTTL" -to ADC_DOUT
set_instance_assignment -name IO_STANDARD "3.3-V LVTTL" -to ADC_SCLK
set_instance_assignment -name IO_STANDARD "3.3-V LVTTL" -to AUD_ADCDAT
set_instance_assignment -name IO_STANDARD "3.3-V LVTTL" -to AUD_ADCLRCK
set_instance_assignment -name IO_STANDARD "3.3-V LVTTL" -to AUD_BCLK
set_instance_assignment -name IO_STANDARD "3.3-V LVTTL" -to AUD_DACDAT
set_instance_assignment -name IO_STANDARD "3.3-V LVTTL" -to AUD_DACLRCK
set_instance_assignment -name IO_STANDARD "3.3-V LVTTL" -to AUD_XCK
set_instance_assignment -name IO_STANDARD "3.3-V LVTTL" -to CLOCK2_50
set_instance_assignment -name IO_STANDARD "3.3-V LVTTL" -to CLOCK3_50
set_instance_assignment -name IO_STANDARD "3.3-V LVTTL" -to CLOCK4_50
set_instance_assignment -name IO_STANDARD "3.3-V LVTTL" -to CLOCK_50
set_instance_assignment -name IO_STANDARD "3.3-V LVTTL" -to DRAM_ADDR[0]
set_instance_assignment -name IO_STANDARD "3.3-V LVTTL" -to DRAM_ADDR[1]
set_instance_assignment -name IO_STANDARD "3.3-V LVTTL" -to DRAM_ADDR[2]
set_instance_assignment -name IO_STANDARD "3.3-V LVTTL" -to DRAM_ADDR[3]
set_instance_assignment -name IO_STANDARD "3.3-V LVTTL" -to DRAM_ADDR[4]
set_instance_assignment -name IO_STANDARD "3.3-V LVTTL" -to DRAM_ADDR[5]
set_instance_assignment -name IO_STANDARD "3.3-V LVTTL" -to DRAM_ADDR[6]
set_instance_assignment -name IO_STANDARD "3.3-V LVTTL" -to DRAM_ADDR[7]
set_instance_assignment -name IO_STANDARD "3.3-V LVTTL" -to DRAM_ADDR[8]
set_instance_assignment -name IO_STANDARD "3.3-V LVTTL" -to DRAM_ADDR[9]
set_instance_assignment -name IO_STANDARD "3.3-V LVTTL" -to DRAM_ADDR[10]
set_instance_assignment -name IO_STANDARD "3.3-V LVTTL" -to DRAM_ADDR[11]
set_instance_assignment -name IO_STANDARD "3.3-V LVTTL" -to DRAM_ADDR[12]
set_instance_assignment -name IO_STANDARD "3.3-V LVTTL" -to DRAM_BA[0]
set_instance_assignment -name IO_STANDARD "3.3-V LVTTL" -to DRAM_BA[1]
set_instance_assignment -name IO_STANDARD "3.3-V LVTTL" -to DRAM_CAS_N
set_instance_assignment -name IO_STANDARD "3.3-V LVTTL" -to DRAM_CKE
set_instance_assignment -name IO_STANDARD "3.3-V LVTTL" -to DRAM_CLK
set_instance_assignment -name IO_STANDARD "3.3-V LVTTL" -to DRAM_CS_N
set_instance_assignment -name IO_STANDARD "3.3-V LVTTL" -to DRAM_DQ[0]
set_instance_assignment -name IO_STANDARD "3.3-V LVTTL" -to DRAM_DQ[1]
set_instance_assignment -name IO_STANDARD "3.3-V LVTTL" -to DRAM_DQ[2]
set_instance_assignment -name IO_STANDARD "3.3-V LVTTL" -to DRAM_DQ[3]
set_instance_assignment -name IO_STANDARD "3.3-V LVTTL" -to DRAM_DQ[4]
set_instance_assignment -name IO_STANDARD "3.3-V LVTTL" -to DRAM_DQ[5]
set_instance_assignment -name IO_STANDARD "3.3-V LVTTL" -to DRAM_DQ[6]
set_instance_assignment -name IO_STANDARD "3.3-V LVTTL" -to DRAM_DQ[7]
set_instance_assignment -name IO_STANDARD "3.3-V LVTTL" -to DRAM_DQ[8]
set_instance_assignment -name IO_STANDARD "3.3-V LVTTL" -to DRAM_DQ[9]
set_instance_assignment -name IO_STANDARD "3.3-V LVTTL" -to DRAM_DQ[10]
set_instance_assignment -name IO_STANDARD "3.3-V LVTTL" -to DRAM_DQ[11]
set_instance_assignment -name IO_STANDARD "3.3-V LVTTL" -to DRAM_DQ[12]
set_instance_assignment -name IO_STANDARD "3.3-V LVTTL" -to DRAM_DQ[13]
set_instance_assignment -name IO_STANDARD "3.3-V LVTTL" -to DRAM_DQ[14]
set_instance_assignment -name IO_STANDARD "3.3-V LVTTL" -to DRAM_DQ[15]
set_instance_assignment -name IO_STANDARD "3.3-V LVTTL" -to DRAM_LDQM
set_instance_assignment -name IO_STANDARD "3.3-V LVTTL" -to DRAM_RAS_N
set_instance_assignment -name IO_STANDARD "3.3-V LVTTL" -to DRAM_UDQM
set_instance_assignment -name IO_STANDARD "3.3-V LVTTL" -to DRAM_WE_N
set_instance_assignment -name IO_STANDARD "3.3-V LVTTL" -to FAN_CTRL
set_instance_assignment -name IO_STANDARD "3.3-V LVTTL" -to FPGA_I2C_SCLK
set_instance_assignment -name IO_STANDARD "3.3-V LVTTL" -to FPGA_I2C_SDAT
set_instance_assignment -name IO_STANDARD "3.3-V LVTTL" -to GPIO_0[0]
set_instance_assignment -name IO_STANDARD "3.3-V LVTTL" -to GPIO_0[10]
set_instance_assignment -name IO_STANDARD "3.3-V LVTTL" -to GPIO_0[11]
set_instance_assignment -name IO_STANDARD "3.3-V LVTTL" -to GPIO_0[12]
set_instance_assignment -name IO_STANDARD "3.3-V LVTTL" -to GPIO_0[13]
set_instance_assignment -name IO_STANDARD "3.3-V LVTTL" -to GPIO_0[14]
set_instance_assignment -name IO_STANDARD "3.3-V LVTTL" -to GPIO_0[15]
set_instance_assignment -name IO_STANDARD "3.3-V LVTTL" -to GPIO_0[16]
set_instance_assignment -name IO_STANDARD "3.3-V LVTTL" -to GPIO_0[17]
set_instance_assignment -name IO_STANDARD "3.3-V LVTTL" -to GPIO_0[18]
set_instance_assignment -name IO_STANDARD "3.3-V LVTTL" -to GPIO_0[19]
set_instance_assignment -name IO_STANDARD "3.3-V LVTTL" -to GPIO_0[1]
set_instance_assignment -name IO_STANDARD "3.3-V LVTTL" -to GPIO_0[20]
set_instance_assignment -name IO_STANDARD "3.3-V LVTTL" -to GPIO_0[21]
set_instance_assignment -name IO_STANDARD "3.3-V LVTTL" -to GPIO_0[22]
set_instance_assignment -name IO_STANDARD "3.3-V LVTTL" -to GPIO_0[23]
set_instance_assignment -name IO_STANDARD "3.3-V LVTTL" -to GPIO_0[24]
set_instance_assignment -name IO_STANDARD "3.3-V LVTTL" -to GPIO_0[25]
set_instance_assignment -name IO_STANDARD "3.3-V LVTTL" -to GPIO_0[26]
set_instance_assignment -name IO_STANDARD "3.3-V LVTTL" -to GPIO_0[27]
set_instance_assignment -name IO_STANDARD "3.3-V LVTTL" -to GPIO_0[28]
set_instance_assignment -name IO_STANDARD "3.3-V LVTTL" -to GPIO_0[29]
set_instance_assignment -name IO_STANDARD "3.3-V LVTTL" -to GPIO_0[2]
set_instance_assignment -name IO_STANDARD "3.3-V LVTTL" -to GPIO_0[30]
set_instance_assignment -name IO_STANDARD "3.3-V LVTTL" -to GPIO_0[31]
set_instance_assignment -name IO_STANDARD "3.3-V LVTTL" -to GPIO_0[32]
set_instance_assignment -name IO_STANDARD "3.3-V LVTTL" -to GPIO_0[33]
set_instance_assignment -name IO_STANDARD "3.3-V LVTTL" -to GPIO_0[34]
set_instance_assignment -name IO_STANDARD "3.3-V LVTTL" -to GPIO_0[35]
set_instance_assignment -name IO_STANDARD "3.3-V LVTTL" -to GPIO_0[3]
set_instance_assignment -name IO_STANDARD "3.3-V LVTTL" -to GPIO_0[4]
set_instance_assignment -name IO_STANDARD "3.3-V LVTTL" -to GPIO_0[5]
set_instance_assignment -name IO_STANDARD "3.3-V LVTTL" -to GPIO_0[6]
set_instance_assignment -name IO_STANDARD "3.3-V LVTTL" -to GPIO_0[7]
set_instance_assignment -name IO_STANDARD "3.3-V LVTTL" -to GPIO_0[8]
set_instance_assignment -name IO_STANDARD "3.3-V LVTTL" -to GPIO_0[9]
set_instance_assignment -name IO_STANDARD "3.3-V LVTTL" -to GPIO_1[0]
set_instance_assignment -name IO_STANDARD "3.3-V LVTTL" -to GPIO_1[10]
set_instance_assignment -name IO_STANDARD "3.3-V LVTTL" -to GPIO_1[11]
set_instance_assignment -name IO_STANDARD "3.3-V LVTTL" -to GPIO_1[12]
set_instance_assignment -name IO_STANDARD "3.3-V LVTTL" -to GPIO_1[13]
set_instance_assignment -name IO_STANDARD "3.3-V LVTTL" -to GPIO_1[14]
set_instance_assignment -name IO_STANDARD "3.3-V LVTTL" -to GPIO_1[15]
set_instance_assignment -name IO_STANDARD "3.3-V LVTTL" -to GPIO_1[16]
set_instance_assignment -name IO_STANDARD "3.3-V LVTTL" -to GPIO_1[17]
set_instance_assignment -name IO_STANDARD "3.3-V LVTTL" -to GPIO_1[18]
set_instance_assignment -name IO_STANDARD "3.3-V LVTTL" -to GPIO_1[19]
set_instance_assignment -name IO_STANDARD "3.3-V LVTTL" -to GPIO_1[1]
set_instance_assignment -name IO_STANDARD "3.3-V LVTTL" -to GPIO_1[20]
set_instance_assignment -name IO_STANDARD "3.3-V LVTTL" -to GPIO_1[21]
set_instance_assignment -name IO_STANDARD "3.3-V LVTTL" -to GPIO_1[22]
set_instance_assignment -name IO_STANDARD "3.3-V LVTTL" -to GPIO_1[23]
set_instance_assignment -name IO_STANDARD "3.3-V LVTTL" -to GPIO_1[24]
set_instance_assignment -name IO_STANDARD "3.3-V LVTTL" -to GPIO_1[25]
set_instance_assignment -name IO_STANDARD "3.3-V LVTTL" -to GPIO_1[26]
set_instance_assignment -name IO_STANDARD "3.3-V LVTTL" -to GPIO_1[27]
set_instance_assignment -name IO_STANDARD "3.3-V LVTTL" -to GPIO_1[28]
set_instance_assignment -name IO_STANDARD "3.3-V LVTTL" -to GPIO_1[29]
set_instance_assignment -name IO_STANDARD "3.3-V LVTTL" -to GPIO_1[2]
set_instance_assignment -name IO_STANDARD "3.3-V LVTTL" -to GPIO_1[30]
set_instance_assignment -name IO_STANDARD "3.3-V LVTTL" -to GPIO_1[31]
set_instance_assignment -name IO_STANDARD "3.3-V LVTTL" -to GPIO_1[32]
set_instance_assignment -name IO_STANDARD "3.3-V LVTTL" -to GPIO_1[33]
set_instance_assignment -name IO_STANDARD "3.3-V LVTTL" -to GPIO_1[34]
set_instance_assignment -name IO_STANDARD "3.3-V LVTTL" -to GPIO_1[35]
set_instance_assignment -name IO_STANDARD "3.3-V LVTTL" -to GPIO_1[3]
set_instance_assignment -name IO_STANDARD "3.3-V LVTTL" -to GPIO_1[4]
set_instance_assignment -name IO_STANDARD "3.3-V LVTTL" -to GPIO_1[5]
set_instance_assignment -name IO_STANDARD "3.3-V LVTTL" -to GPIO_1[6]
set_instance_assignment -name IO_STANDARD "3.3-V LVTTL" -to GPIO_1[7]
set_instance_assignment -name IO_STANDARD "3.3-V LVTTL" -to GPIO_1[8]
set_instance_assignment -name IO_STANDARD "3.3-V LVTTL" -to GPIO_1[9]
set_instance_assignment -name IO_STANDARD "3.3-V LVTTL" -to HEX0[0]
set_instance_assignment -name IO_STANDARD "3.3-V LVTTL" -to HEX0[1]
set_instance_assignment -name IO_STANDARD "3.3-V LVTTL" -to HEX0[2]
set_instance_assignment -name IO_STANDARD "3.3-V LVTTL" -to HEX0[3]
set_instance_assignment -name IO_STANDARD "3.3-V LVTTL" -to HEX0[4]
set_instance_assignment -name IO_STANDARD "3.3-V LVTTL" -to HEX0[5]
set_instance_assignment -name IO_STANDARD "3.3-V LVTTL" -to HEX0[6]
set_instance_assignment -name IO_STANDARD "3.3-V LVTTL" -to HEX1[0]
set_instance_assignment -name IO_STANDARD "3.3-V LVTTL" -to HEX1[1]
set_instance_assignment -name IO_STANDARD "3.3-V LVTTL" -to HEX1[2]
set_instance_assignment -name IO_STANDARD "3.3-V LVTTL" -to HEX1[3]
set_instance_assignment -name IO_STANDARD "3.3-V LVTTL" -to HEX1[4]
set_instance_assignment -name IO_STANDARD "3.3-V LVTTL" -to HEX1[5]
set_instance_assignment -name IO_STANDARD "3.3-V LVTTL" -to HEX1[6]
set_instance_assignment -name IO_STANDARD "3.3-V LVTTL" -to HEX2[0]
set_instance_assignment -name IO_STANDARD "3.3-V LVTTL" -to HEX2[1]
set_instance_assignment -name IO_STANDARD "3.3-V LVTTL" -to HEX2[2]
set_instance_assignment -name IO_STANDARD "3.3-V LVTTL" -to HEX2[3]
set_instance_assignment -name IO_STANDARD "3.3-V LVTTL" -to HEX2[4]
set_instance_assignment -name IO_STANDARD "3.3-V LVTTL" -to HEX2[5]
set_instance_assignment -name IO_STANDARD "3.3-V LVTTL" -to HEX2[6]
set_instance_assignment -name IO_STANDARD "3.3-V LVTTL" -to HEX3[0]
set_instance_assignment -name IO_STANDARD "3.3-V LVTTL" -to HEX3[1]
set_instance_assignment -name IO_STANDARD "3.3-V LVTTL" -to HEX3[2]
set_instance_assignment -name IO_STANDARD "3.3-V LVTTL" -to HEX3[3]
set_instance_assignment -name IO_STANDARD "3.3-V LVTTL" -to HEX3[4]
set_instance_assignment -name IO_STANDARD "3.3-V LVTTL" -to HEX3[5]
set_instance_assignment -name IO_STANDARD "3.3-V LVTTL" -to HEX3[6]
set_instance_assignment -name IO_STANDARD "3.3-V LVTTL" -to HEX4[0]
set_instance_assignment -name IO_STANDARD "3.3-V LVTTL" -to HEX4[1]
set_instance_assignment -name IO_STANDARD "3.3-V LVTTL" -to HEX4[2]
set_instance_assignment -name IO_STANDARD "3.3-V LVTTL" -to HEX4[3]
set_instance_assignment -name IO_STANDARD "3.3-V LVTTL" -to HEX4[4]
set_instance_assignment -name IO_STANDARD "3.3-V LVTTL" -to HEX4[5]
set_instance_assignment -name IO_STANDARD "3.3-V LVTTL" -to HEX4[6]
set_instance_assignment -name IO_STANDARD "3.3-V LVTTL" -to HEX5[0]
set_instance_assignment -name IO_STANDARD "3.3-V LVTTL" -to HEX5[1]
set_instance_assignment -name IO_STANDARD "3.3-V LVTTL" -to HEX5[2]
set_instance_assignment -name IO_STANDARD "3.3-V LVTTL" -to HEX5[3]
set_instance_assignment -name IO_STANDARD "3.3-V LVTTL" -to HEX5[4]
set_instance_assignment -name IO_STANDARD "3.3-V LVTTL" -to HEX5[5]
set_instance_assignment -name IO_STANDARD "3.3-V LVTTL" -to HEX5[6]
set_instance_assignment -name IO_STANDARD "3.3-V LVTTL" -to HPS_CONV_USB_N
set_instance_assignment -name IO_STANDARD "SSTL-15 CLASS I" -to HPS_DDR3_ADDR[0]
set_instance_assignment -name IO_STANDARD "SSTL-15 CLASS I" -to HPS_DDR3_ADDR[1]
set_instance_assignment -name IO_STANDARD "SSTL-15 CLASS I" -to HPS_DDR3_ADDR[2]
set_instance_assignment -name IO_STANDARD "SSTL-15 CLASS I" -to HPS_DDR3_ADDR[3]
set_instance_assignment -name IO_STANDARD "SSTL-15 CLASS I" -to HPS_DDR3_ADDR[4]
set_instance_assignment -name IO_STANDARD "SSTL-15 CLASS I" -to HPS_DDR3_ADDR[5]
set_instance_assignment -name IO_STANDARD "SSTL-15 CLASS I" -to HPS_DDR3_ADDR[6]
set_instance_assignment -name IO_STANDARD "SSTL-15 CLASS I" -to HPS_DDR3_ADDR[7]
set_instance_assignment -name IO_STANDARD "SSTL-15 CLASS I" -to HPS_DDR3_ADDR[8]
set_instance_assignment -name IO_STANDARD "SSTL-15 CLASS I" -to HPS_DDR3_ADDR[9]
set_instance_assignment -name IO_STANDARD "SSTL-15 CLASS I" -to HPS_DDR3_ADDR[10]
set_instance_assignment -name IO_STANDARD "SSTL-15 CLASS I" -to HPS_DDR3_ADDR[11]
set_instance_assignment -name IO_STANDARD "SSTL-15 CLASS I" -to HPS_DDR3_ADDR[12]
set_instance_assignment -name IO_STANDARD "SSTL-15 CLASS I" -to HPS_DDR3_ADDR[13]
set_instance_assignment -name IO_STANDARD "SSTL-15 CLASS I" -to HPS_DDR3_ADDR[14]
set_instance_assignment -name IO_STANDARD "SSTL-15 CLASS I" -to HPS_DDR3_BA[0]
set_instance_assignment -name IO_STANDARD "SSTL-15 CLASS I" -to HPS_DDR3_BA[1]
set_instance_assignment -name IO_STANDARD "SSTL-15 CLASS I" -to HPS_DDR3_BA[2]
set_instance_assignment -name IO_STANDARD "SSTL-15 CLASS I" -to HPS_DDR3_CAS_N
set_instance_assignment -name IO_STANDARD "SSTL-15 CLASS I" -to HPS_DDR3_CKE
set_instance_assignment -name IO_STANDARD "DIFFERENTIAL 1.5-V SSTL CLASS I" -to HPS_DDR3_CK_N
set_instance_assignment -name IO_STANDARD "DIFFERENTIAL 1.5-V SSTL CLASS I" -to HPS_DDR3_CK_P
set_instance_assignment -name IO_STANDARD "SSTL-15 CLASS I" -to HPS_DDR3_CS_N
set_instance_assignment -name IO_STANDARD "SSTL-15 CLASS I" -to HPS_DDR3_DM[0]
set_instance_assignment -name IO_STANDARD "SSTL-15 CLASS I" -to HPS_DDR3_DM[1]
set_instance_assignment -name IO_STANDARD "SSTL-15 CLASS I" -to HPS_DDR3_DM[2]
set_instance_assignment -name IO_STANDARD "SSTL-15 CLASS I" -to HPS_DDR3_DM[3]
set_instance_assignment -name IO_STANDARD "SSTL-15 CLASS I" -to HPS_DDR3_DQ[0]
set_instance_assignment -name IO_STANDARD "SSTL-15 CLASS I" -to HPS_DDR3_DQ[1]
set_instance_assignment -name IO_STANDARD "SSTL-15 CLASS I" -to HPS_DDR3_DQ[2]
set_instance_assignment -name IO_STANDARD "SSTL-15 CLASS I" -to HPS_DDR3_DQ[3]
set_instance_assignment -name IO_STANDARD "SSTL-15 CLASS I" -to HPS_DDR3_DQ[4]
set_instance_assignment -name IO_STANDARD "SSTL-15 CLASS I" -to HPS_DDR3_DQ[5]
set_instance_assignment -name IO_STANDARD "SSTL-15 CLASS I" -to HPS_DDR3_DQ[6]
set_instance_assignment -name IO_STANDARD "SSTL-15 CLASS I" -to HPS_DDR3_DQ[7]
set_instance_assignment -name IO_STANDARD "SSTL-15 CLASS I" -to HPS_DDR3_DQ[8]
set_instance_assignment -name IO_STANDARD "SSTL-15 CLASS I" -to HPS_DDR3_DQ[9]
set_instance_assignment -name IO_STANDARD "SSTL-15 CLASS I" -to HPS_DDR3_DQ[10]
set_instance_assignment -name IO_STANDARD "SSTL-15 CLASS I" -to HPS_DDR3_DQ[11]
set_instance_assignment -name IO_STANDARD "SSTL-15 CLASS I" -to HPS_DDR3_DQ[12]
set_instance_assignment -name IO_STANDARD "SSTL-15 CLASS I" -to HPS_DDR3_DQ[13]
set_instance_assignment -name IO_STANDARD "SSTL-15 CLASS I" -to HPS_DDR3_DQ[14]
set_instance_assignment -name IO_STANDARD "SSTL-15 CLASS I" -to HPS_DDR3_DQ[15]
set_instance_assignment -name IO_STANDARD "SSTL-15 CLASS I" -to HPS_DDR3_DQ[16]
set_instance_assignment -name IO_STANDARD "SSTL-15 CLASS I" -to HPS_DDR3_DQ[17]
set_instance_assignment -name IO_STANDARD "SSTL-15 CLASS I" -to HPS_DDR3_DQ[18]
set_instance_assignment -name IO_STANDARD "SSTL-15 CLASS I" -to HPS_DDR3_DQ[19]
set_instance_assignment -name IO_STANDARD "SSTL-15 CLASS I" -to HPS_DDR3_DQ[20]
set_instance_assignment -name IO_STANDARD "SSTL-15 CLASS I" -to HPS_DDR3_DQ[21]
set_instance_assignment -name IO_STANDARD "SSTL-15 CLASS I" -to HPS_DDR3_DQ[22]
set_instance_assignment -name IO_STANDARD "SSTL-15 CLASS I" -to HPS_DDR3_DQ[23]
set_instance_assignment -name IO_STANDARD "SSTL-15 CLASS I" -to HPS_DDR3_DQ[24]
set_instance_assignment -name IO_STANDARD "SSTL-15 CLASS I" -to HPS_DDR3_DQ[25]
set_instance_assignment -name IO_STANDARD "SSTL-15 CLASS I" -to HPS_DDR3_DQ[26]
set_instance_assignment -name IO_STANDARD "SSTL-15 CLASS I" -to HPS_DDR3_DQ[27]
set_instance_assignment -name IO_STANDARD "SSTL-15 CLASS I" -to HPS_DDR3_DQ[28]
set_instance_assignment -name IO_STANDARD "SSTL-15 CLASS I" -to HPS_DDR3_DQ[29]
set_instance_assignment -name IO_STANDARD "SSTL-15 CLASS I" -to HPS_DDR3_DQ[30]
set_instance_assignment -name IO_STANDARD "SSTL-15 CLASS I" -to HPS_DDR3_DQ[31]
set_instance_assignment -name IO_STANDARD "DIFFERENTIAL 1.5-V SSTL CLASS I" -to HPS_DDR3_DQS_N[0]
set_instance_assignment -name IO_STANDARD "DIFFERENTIAL 1.5-V SSTL CLASS I" -to HPS_DDR3_DQS_N[1]
set_instance_assignment -name IO_STANDARD "DIFFERENTIAL 1.5-V SSTL CLASS I" -to HPS_DDR3_DQS_N[2]
set_instance_assignment -name IO_STANDARD "DIFFERENTIAL 1.5-V SSTL CLASS I" -to HPS_DDR3_DQS_N[3]
set_instance_assignment -name IO_STANDARD "DIFFERENTIAL 1.5-V SSTL CLASS I" -to HPS_DDR3_DQS_P[0]
set_instance_assignment -name IO_STANDARD "DIFFERENTIAL 1.5-V SSTL CLASS I" -to HPS_DDR3_DQS_P[1]
set_instance_assignment -name IO_STANDARD "DIFFERENTIAL 1.5-V SSTL CLASS I" -to HPS_DDR3_DQS_P[2]
set_instance_assignment -name IO_STANDARD "DIFFERENTIAL 1.5-V SSTL CLASS I" -to HPS_DDR3_DQS_P[3]
set_instance_assignment -name IO_STANDARD "SSTL-15 CLASS I" -to HPS_DDR3_ODT
set_instance_assignment -name IO_STANDARD "SSTL-15 CLASS I" -to HPS_DDR3_RAS_N
set_instance_assignment -name IO_STANDARD "SSTL-15 CLASS I" -to HPS_DDR3_RESET_N
set_instance_assignment -name IO_STANDARD "SSTL-15 CLASS I" -to HPS_DDR3_RZQ
set_instance_assignment -name IO_STANDARD "SSTL-15 CLASS I" -to HPS_DDR3_WE_N
set_instance_assignment -name IO_STANDARD "3.3-V LVTTL" -to HPS_ENET_GTX_CLK
set_instance_assignment -name IO_STANDARD "3.3-V LVTTL" -to HPS_ENET_INT_N
set_instance_assignment -name IO_STANDARD "3.3-V LVTTL" -to HPS_ENET_MDC
set_instance_assignment -name IO_STANDARD "3.3-V LVTTL" -to HPS_ENET_MDIO
set_instance_assignment -name IO_STANDARD "3.3-V LVTTL" -to HPS_ENET_RX_CLK
set_instance_assignment -name IO_STANDARD "3.3-V LVTTL" -to HPS_ENET_RX_DATA[0]
set_instance_assignment -name IO_STANDARD "3.3-V LVTTL" -to HPS_ENET_RX_DATA[1]
set_instance_assignment -name IO_STANDARD "3.3-V LVTTL" -to HPS_ENET_RX_DATA[2]
set_instance_assignment -name IO_STANDARD "3.3-V LVTTL" -to HPS_ENET_RX_DATA[3]
set_instance_assignment -name IO_STANDARD "3.3-V LVTTL" -to HPS_ENET_RX_DV
set_instance_assignment -name IO_STANDARD "3.3-V LVTTL" -to HPS_ENET_TX_DATA[0]
set_instance_assignment -name IO_STANDARD "3.3-V LVTTL" -to HPS_ENET_TX_DATA[1]
set_instance_assignment -name IO_STANDARD "3.3-V LVTTL" -to HPS_ENET_TX_DATA[2]
set_instance_assignment -name IO_STANDARD "3.3-V LVTTL" -to HPS_ENET_TX_DATA[3]
set_instance_assignment -name IO_STANDARD "3.3-V LVTTL" -to HPS_ENET_TX_EN
set_instance_assignment -name IO_STANDARD "3.3-V LVTTL" -to HPS_FLASH_DATA[0]
set_instance_assignment -name IO_STANDARD "3.3-V LVTTL" -to HPS_FLASH_DATA[1]
set_instance_assignment -name IO_STANDARD "3.3-V LVTTL" -to HPS_FLASH_DATA[2]
set_instance_assignment -name IO_STANDARD "3.3-V LVTTL" -to HPS_FLASH_DATA[3]
set_instance_assignment -name IO_STANDARD "3.3-V LVTTL" -to HPS_FLASH_DCLK
set_instance_assignment -name IO_STANDARD "3.3-V LVTTL" -to HPS_FLASH_NCSO
set_instance_assignment -name IO_STANDARD "3.3-V LVTTL" -to HPS_GSENSOR_INT
set_instance_assignment -name IO_STANDARD "3.3-V LVTTL" -to HPS_I2C1_SCLK
set_instance_assignment -name IO_STANDARD "3.3-V LVTTL" -to HPS_I2C1_SDAT
set_instance_assignment -name IO_STANDARD "3.3-V LVTTL" -to HPS_I2C2_SCLK
set_instance_assignment -name IO_STANDARD "3.3-V LVTTL" -to HPS_I2C2_SDAT
set_instance_assignment -name IO_STANDARD "3.3-V LVTTL" -to HPS_I2C_CONTROL
set_instance_assignment -name IO_STANDARD "3.3-V LVTTL" -to HPS_KEY
set_instance_assignment -name IO_STANDARD "3.3-V LVTTL" -to HPS_LED
set_instance_assignment -name IO_STANDARD "3.3-V LVTTL" -to HPS_LTC_GPIO
set_instance_assignment -name IO_STANDARD "3.3-V LVTTL" -to HPS_SD_CLK
set_instance_assignment -name IO_STANDARD "3.3-V LVTTL" -to HPS_SD_CMD
set_instance_assignment -name IO_STANDARD "3.3-V LVTTL" -to HPS_SD_DATA[0]
set_instance_assignment -name IO_STANDARD "3.3-V LVTTL" -to HPS_SD_DATA[1]
set_instance_assignment -name IO_STANDARD "3.3-V LVTTL" -to HPS_SD_DATA[2]
set_instance_assignment -name IO_STANDARD "3.3-V LVTTL" -to HPS_SD_DATA[3]
set_instance_assignment -name IO_STANDARD "3.3-V LVTTL" -to HPS_SPIM_CLK
set_instance_assignment -name IO_STANDARD "3.3-V LVTTL" -to HPS_SPIM_MISO
set_instance_assignment -name IO_STANDARD "3.3-V LVTTL" -to HPS_SPIM_MOSI
set_instance_assignment -name IO_STANDARD "3.3-V LVTTL" -to HPS_SPIM_SS
set_instance_assignment -name IO_STANDARD "3.3-V LVTTL" -to HPS_UART_RX
set_instance_assignment -name IO_STANDARD "3.3-V LVTTL" -to HPS_UART_TX
set_instance_assignment -name IO_STANDARD "3.3-V LVTTL" -to HPS_USB_CLKOUT
set_instance_assignment -name IO_STANDARD "3.3-V LVTTL" -to HPS_USB_DATA[0]
set_instance_assignment -name IO_STANDARD "3.3-V LVTTL" -to HPS_USB_DATA[1]
set_instance_assignment -name IO_STANDARD "3.3-V LVTTL" -to HPS_USB_DATA[2]
set_instance_assignment -name IO_STANDARD "3.3-V LVTTL" -to HPS_USB_DATA[3]
set_instance_assignment -name IO_STANDARD "3.3-V LVTTL" -to HPS_USB_DATA[4]
set_instance_assignment -name IO_STANDARD "3.3-V LVTTL" -to HPS_USB_DATA[5]
set_instance_assignment -name IO_STANDARD "3.3-V LVTTL" -to HPS_USB_DATA[6]
set_instance_assignment -name IO_STANDARD "3.3-V LVTTL" -to HPS_USB_DATA[7]
set_instance_assignment -name IO_STANDARD "3.3-V LVTTL" -to HPS_USB_DIR
set_instance_assignment -name IO_STANDARD "3.3-V LVTTL" -to HPS_USB_NXT
set_instance_assignment -name IO_STANDARD "3.3-V LVTTL" -to HPS_USB_STP
set_instance_assignment -name IO_STANDARD "3.3-V LVTTL" -to IRDA_RXD
set_instance_assignment -name IO_STANDARD "3.3-V LVTTL" -to IRDA_TXD
set_instance_assignment -name IO_STANDARD "3.3-V LVTTL" -to KEY[0]
set_instance_assignment -name IO_STANDARD "3.3-V LVTTL" -to KEY[1]
set_instance_assignment -name IO_STANDARD "3.3-V LVTTL" -to KEY[2]
set_instance_assignment -name IO_STANDARD "3.3-V LVTTL" -to KEY[3]
set_instance_assignment -name IO_STANDARD "3.3-V LVTTL" -to LEDR[0]
set_instance_assignment -name IO_STANDARD "3.3-V LVTTL" -to LEDR[1]
set_instance_assignment -name IO_STANDARD "3.3-V LVTTL" -to LEDR[2]
set_instance_assignment -name IO_STANDARD "3.3-V LVTTL" -to LEDR[3]
set_instance_assignment -name IO_STANDARD "3.3-V LVTTL" -to LEDR[4]
set_instance_assignment -name IO_STANDARD "3.3-V LVTTL" -to LEDR[5]
set_instance_assignment -name IO_STANDARD "3.3-V LVTTL" -to LEDR[6]
set_instance_assignment -name IO_STANDARD "3.3-V LVTTL" -to LEDR[7]
set_instance_assignment -name IO_STANDARD "3.3-V LVTTL" -to LEDR[8]
set_instance_assignment -name IO_STANDARD "3.3-V LVTTL" -to LEDR[9]
set_instance_assignment -name IO_STANDARD "3.3-V LVTTL" -to PS2_CLK
set_instance_assignment -name IO_STANDARD "3.3-V LVTTL" -to PS2_CLK2
set_instance_assignment -name IO_STANDARD "3.3-V LVTTL" -to PS2_DAT
set_instance_assignment -name IO_STANDARD "3.3-V LVTTL" -to PS2_DAT2
set_instance_assignment -name IO_STANDARD "3.3-V LVTTL" -to SW[0]
set_instance_assignment -name IO_STANDARD "3.3-V LVTTL" -to SW[1]
set_instance_assignment -name IO_STANDARD "3.3-V LVTTL" -to SW[2]
set_instance_assignment -name IO_STANDARD "3.3-V LVTTL" -to SW[3]
set_instance_assignment -name IO_STANDARD "3.3-V LVTTL" -to SW[4]
set_instance_assignment -name IO_STANDARD "3.3-V LVTTL" -to SW[5]
set_instance_assignment -name IO_STANDARD "3.3-V LVTTL" -to SW[6]
set_instance_assignment -name IO_STANDARD "3.3-V LVTTL" -to SW[7]
set_instance_assignment -name IO_STANDARD "3.3-V LVTTL" -to SW[8]
set_instance_assignment -name IO_STANDARD "3.3-V LVTTL" -to SW[9]
set_instance_assignment -name IO_STANDARD "3.3-V LVTTL" -to TD_CLK27
set_instance_assignment -name IO_STANDARD "3.3-V LVTTL" -to TD_DATA[0]
set_instance_assignment -name IO_STANDARD "3.3-V LVTTL" -to TD_DATA[1]
set_instance_assignment -name IO_STANDARD "3.3-V LVTTL" -to TD_DATA[2]
set_instance_assignment -name IO_STANDARD "3.3-V LVTTL" -to TD_DATA[3]
set_instance_assignment -name IO_STANDARD "3.3-V LVTTL" -to TD_DATA[4]
set_instance_assignment -name IO_STANDARD "3.3-V LVTTL" -to TD_DATA[5]
set_instance_assignment -name IO_STANDARD "3.3-V LVTTL" -to TD_DATA[6]
set_instance_assignment -name IO_STANDARD "3.3-V LVTTL" -to TD_DATA[7]
set_instance_assignment -name IO_STANDARD "3.3-V LVTTL" -to TD_HS
set_instance_assignment -name IO_STANDARD "3.3-V LVTTL" -to TD_RESET_N
set_instance_assignment -name IO_STANDARD "3.3-V LVTTL" -to TD_VS
set_instance_assignment -name IO_STANDARD "3.3-V LVTTL" -to VGA_B[0]
set_instance_assignment -name IO_STANDARD "3.3-V LVTTL" -to VGA_B[1]
set_instance_assignment -name IO_STANDARD "3.3-V LVTTL" -to VGA_B[2]
set_instance_assignment -name IO_STANDARD "3.3-V LVTTL" -to VGA_B[3]
set_instance_assignment -name IO_STANDARD "3.3-V LVTTL" -to VGA_B[4]
set_instance_assignment -name IO_STANDARD "3.3-V LVTTL" -to VGA_B[5]
set_instance_assignment -name IO_STANDARD "3.3-V LVTTL" -to VGA_B[6]
set_instance_assignment -name IO_STANDARD "3.3-V LVTTL" -to VGA_B[7]
set_instance_assignment -name IO_STANDARD "3.3-V LVTTL" -to VGA_BLANK_N
set_instance_assignment -name IO_STANDARD "3.3-V LVTTL" -to VGA_CLK
set_instance_assignment -name IO_STANDARD "3.3-V LVTTL" -to VGA_G[0]
set_instance_assignment -name IO_STANDARD "3.3-V LVTTL" -to VGA_G[1]
set_instance_assignment -name IO_STANDARD "3.3-V LVTTL" -to VGA_G[2]
set_instance_assignment -name IO_STANDARD "3.3-V LVTTL" -to VGA_G[3]
set_instance_assignment -name IO_STANDARD "3.3-V LVTTL" -to VGA_G[4]
set_instance_assignment -name IO_STANDARD "3.3-V LVTTL" -to VGA_G[5]
set_instance_assignment -name IO_STANDARD "3.3-V LVTTL" -to VGA_G[6]
set_instance_assignment -name IO_STANDARD "3.3-V LVTTL" -to VGA_G[7]
set_instance_assignment -name IO_STANDARD "3.3-V LVTTL" -to VGA_HS
set_instance_assignment -name IO_STANDARD "3.3-V LVTTL" -to VGA_R[0]
set_instance_assignment -name IO_STANDARD "3.3-V LVTTL" -to VGA_R[1]
set_instance_assignment -name IO_STANDARD "3.3-V LVTTL" -to VGA_R[2]
set_instance_assignment -name IO_STANDARD "3.3-V LVTTL" -to VGA_R[3]
set_instance_assignment -name IO_STANDARD "3.3-V LVTTL" -to VGA_R[4]
set_instance_assignment -name IO_STANDARD "3.3-V LVTTL" -to VGA_R[5]
set_instance_assignment -name IO_STANDARD "3.3-V LVTTL" -to VGA_R[6]
set_instance_assignment -name IO_STANDARD "3.3-V LVTTL" -to VGA_R[7]
set_instance_assignment -name IO_STANDARD "3.3-V LVTTL" -to VGA_SYNC_N
set_instance_assignment -name IO_STANDARD "3.3-V LVTTL" -to VGA_VS
set_instance_assignment -name PARTITION_HIERARCHY root_partition -to | -section_id Top
set_global_assignment -name FAMILY "Cyclone V"
set_global_assignment -name DEVICE 5CSEMA5F31C6
set_global_assignment -name TOP_LEVEL_ENTITY fx2lp_slaveFIFO2b_streamIN_fpga_top
set_global_assignment -name ORIGINAL_QUARTUS_VERSION 13
set_global_assignment -name PROJECT_CREATION_TIME_DATE "THU JUL 11 11:26:45 2013"
set_global_assignment -name LAST_QUARTUS_VERSION "20.1.1 Lite Edition"
set_global_assignment -name DEVICE_FILTER_PACKAGE FBGA
set_global_assignment -name CYCLONEII_RESERVE_NCEO_AFTER_CONFIGURATION "USE AS REGULAR IO"
set_global_assignment -name STRATIX_DEVICE_IO_STANDARD "3.3-V LVTTL"
set_global_assignment -name MIN_CORE_JUNCTION_TEMP 0
set_global_assignment -name MAX_CORE_JUNCTION_TEMP 85
set_global_assignment -name POWER_PRESET_COOLING_SOLUTION "23 MM HEAT SINK WITH 200 LFPM AIRFLOW"
set_global_assignment -name POWER_BOARD_THERMAL_MODEL "NONE (CONSERVATIVE)"
set_global_assignment -name PROJECT_OUTPUT_DIRECTORY output_files
set_global_assignment -name VERILOG_FILE DE1_in_stream.v
set_global_assignment -name ENABLE_OCT_DONE OFF
set_global_assignment -name ENABLE_CONFIGURATION_PINS OFF
set_global_assignment -name ENABLE_BOOT_SEL_PIN OFF
set_global_assignment -name STRATIXV_CONFIGURATION_SCHEME "PASSIVE SERIAL"
set_global_assignment -name USE_CONFIGURATION_DEVICE ON
set_global_assignment -name CRC_ERROR_OPEN_DRAIN ON
set_global_assignment -name OUTPUT_IO_TIMING_NEAR_END_VMEAS "HALF VCCIO" -rise
set_global_assignment -name OUTPUT_IO_TIMING_NEAR_END_VMEAS "HALF VCCIO" -fall
set_global_assignment -name OUTPUT_IO_TIMING_FAR_END_VMEAS "HALF SIGNAL SWING" -rise
set_global_assignment -name OUTPUT_IO_TIMING_FAR_END_VMEAS "HALF SIGNAL SWING" -fall
set_global_assignment -name ACTIVE_SERIAL_CLOCK FREQ_100MHZ
set_global_assignment -name VERILOG_FILE fx2lp_slaveFIFO2b_streamIN_fpga_top.v
set_global_assignment -name PARTITION_NETLIST_TYPE SOURCE -section_id Top
set_global_assignment -name PARTITION_FITTER_PRESERVATION_LEVEL PLACEMENT_AND_ROUTING -section_id Top
set_global_assignment -name PARTITION_COLOR 16764057 -section_id Top
